
Microsoft Visual Studio Solution File, Format Version 12.00
# Visual Studio Version 16
VisualStudioVersion = 16.0.29905.134
MinimumVisualStudioVersion = 10.0.40219.1
Project("{FAE04EC0-301F-11D3-BF4B-00C04F79EFBC}") = "BackEndFPT", "BackEndFPT\BackEndFPT.csproj", "{EFCE7105-EF93-49BB-BB30-29479251004B}"
EndProject
Global
	GlobalSection(SolutionConfigurationPlatforms) = preSolution
		Debug|Any CPU = Debug|Any CPU
		Release|Any CPU = Release|Any CPU
	EndGlobalSection
	GlobalSection(ProjectConfigurationPlatforms) = postSolution
		{EFCE7105-EF93-49BB-BB30-29479251004B}.Debug|Any CPU.ActiveCfg = Debug|Any CPU
		{EFCE7105-EF93-49BB-BB30-29479251004B}.Debug|Any CPU.Build.0 = Debug|Any CPU
		{EFCE7105-EF93-49BB-BB30-29479251004B}.Release|Any CPU.ActiveCfg = Release|Any CPU
		{EFCE7105-EF93-49BB-BB30-29479251004B}.Release|Any CPU.Build.0 = Release|Any CPU
	EndGlobalSection
	GlobalSection(SolutionProperties) = preSolution
		HideSolutionNode = FALSE
	EndGlobalSection
	GlobalSection(ExtensibilityGlobals) = postSolution
		SolutionGuid = {B7EDE5E0-1035-437C-81EA-4BD9CBA69235}
	EndGlobalSection
EndGlobal
