
Microsoft Visual Studio Solution File, Format Version 12.00
# Visual Studio Version 16
VisualStudioVersion = 16.0.29905.134
MinimumVisualStudioVersion = 10.0.40219.1
Project("{00D1A9C2-B5F0-4AF3-8072-F6C62B433612}") = "dbFPT", "dbFPT\dbFPT.sqlproj", "{EB6E49E8-DD60-4CD5-BB09-6A39DCDD8E58}"
EndProject
Global
	GlobalSection(SolutionConfigurationPlatforms) = preSolution
		Debug|Any CPU = Debug|Any CPU
		Release|Any CPU = Release|Any CPU
	EndGlobalSection
	GlobalSection(ProjectConfigurationPlatforms) = postSolution
		{EB6E49E8-DD60-4CD5-BB09-6A39DCDD8E58}.Debug|Any CPU.ActiveCfg = Debug|Any CPU
		{EB6E49E8-DD60-4CD5-BB09-6A39DCDD8E58}.Debug|Any CPU.Build.0 = Debug|Any CPU
		{EB6E49E8-DD60-4CD5-BB09-6A39DCDD8E58}.Debug|Any CPU.Deploy.0 = Debug|Any CPU
		{EB6E49E8-DD60-4CD5-BB09-6A39DCDD8E58}.Release|Any CPU.ActiveCfg = Release|Any CPU
		{EB6E49E8-DD60-4CD5-BB09-6A39DCDD8E58}.Release|Any CPU.Build.0 = Release|Any CPU
		{EB6E49E8-DD60-4CD5-BB09-6A39DCDD8E58}.Release|Any CPU.Deploy.0 = Release|Any CPU
	EndGlobalSection
	GlobalSection(SolutionProperties) = preSolution
		HideSolutionNode = FALSE
	EndGlobalSection
	GlobalSection(ExtensibilityGlobals) = postSolution
		SolutionGuid = {BC88F3DF-7152-4449-8CD7-31E51551DFA5}
	EndGlobalSection
EndGlobal
